// !$*UTF8*$!
{
	archiveVersion = 1;
	classes = {
	};
	objectVersion = 46;
	objects = {

/* Begin PBXBuildFile section */
		F6C0099E19FC37A80045DF8D /* main.m in Sources */ = {isa = PBXBuildFile; fileRef = F6C0099D19FC37A80045DF8D /* main.m */; };
		F6C009A119FC37A80045DF8D /* AppDelegate.m in Sources */ = {isa = PBXBuildFile; fileRef = F6C009A019FC37A80045DF8D /* AppDelegate.m */; };
		F6C009A919FC37A80045DF8D /* Images.xcassets in Resources */ = {isa = PBXBuildFile; fileRef = F6C009A819FC37A80045DF8D /* Images.xcassets */; };
		F6C009C719FC38400045DF8D /* LoginViewController.m in Sources */ = {isa = PBXBuildFile; fileRef = F6C009C219FC38400045DF8D /* LoginViewController.m */; };
		F6C009C819FC38400045DF8D /* LoginViewController.xib in Resources */ = {isa = PBXBuildFile; fileRef = F6C009C319FC38400045DF8D /* LoginViewController.xib */; };
		F6C009C919FC38400045DF8D /* MainViewController.m in Sources */ = {isa = PBXBuildFile; fileRef = F6C009C519FC38400045DF8D /* MainViewController.m */; };
		F6C009CA19FC38400045DF8D /* MainViewController.xib in Resources */ = {isa = PBXBuildFile; fileRef = F6C009C619FC38400045DF8D /* MainViewController.xib */; };
		F6C009D719FC38F40045DF8D /* MINavigationController.m in Sources */ = {isa = PBXBuildFile; fileRef = F6C009D419FC38F40045DF8D /* MINavigationController.m */; };
		F6C009D819FC38F40045DF8D /* UIViewController+MINavigationController.m in Sources */ = {isa = PBXBuildFile; fileRef = F6C009D619FC38F40045DF8D /* UIViewController+MINavigationController.m */; };
/* End PBXBuildFile section */

/* Begin PBXFileReference section */
		F6C0099819FC37A80045DF8D /* LoginFlow.app */ = {isa = PBXFileReference; explicitFileType = wrapper.application; includeInIndex = 0; path = LoginFlow.app; sourceTree = BUILT_PRODUCTS_DIR; };
		F6C0099C19FC37A80045DF8D /* Info.plist */ = {isa = PBXFileReference; lastKnownFileType = text.plist.xml; path = Info.plist; sourceTree = "<group>"; };
		F6C0099D19FC37A80045DF8D /* main.m */ = {isa = PBXFileReference; lastKnownFileType = sourcecode.c.objc; path = main.m; sourceTree = "<group>"; };
		F6C0099F19FC37A80045DF8D /* AppDelegate.h */ = {isa = PBXFileReference; lastKnownFileType = sourcecode.c.h; path = AppDelegate.h; sourceTree = "<group>"; };
		F6C009A019FC37A80045DF8D /* AppDelegate.m */ = {isa = PBXFileReference; lastKnownFileType = sourcecode.c.objc; path = AppDelegate.m; sourceTree = "<group>"; };
		F6C009A819FC37A80045DF8D /* Images.xcassets */ = {isa = PBXFileReference; lastKnownFileType = folder.assetcatalog; path = Images.xcassets; sourceTree = "<group>"; };
		F6C009C119FC38400045DF8D /* LoginViewController.h */ = {isa = PBXFileReference; fileEncoding = 4; lastKnownFileType = sourcecode.c.h; path = LoginViewController.h; sourceTree = "<group>"; };
		F6C009C219FC38400045DF8D /* LoginViewController.m */ = {isa = PBXFileReference; fileEncoding = 4; lastKnownFileType = sourcecode.c.objc; path = LoginViewController.m; sourceTree = "<group>"; };
		F6C009C319FC38400045DF8D /* LoginViewController.xib */ = {isa = PBXFileReference; fileEncoding = 4; lastKnownFileType = file.xib; path = LoginViewController.xib; sourceTree = "<group>"; };
		F6C009C419FC38400045DF8D /* MainViewController.h */ = {isa = PBXFileReference; fileEncoding = 4; lastKnownFileType = sourcecode.c.h; path = MainViewController.h; sourceTree = "<group>"; };
		F6C009C519FC38400045DF8D /* MainViewController.m */ = {isa = PBXFileReference; fileEncoding = 4; lastKnownFileType = sourcecode.c.objc; path = MainViewController.m; sourceTree = "<group>"; };
		F6C009C619FC38400045DF8D /* MainViewController.xib */ = {isa = PBXFileReference; fileEncoding = 4; lastKnownFileType = file.xib; path = MainViewController.xib; sourceTree = "<group>"; };
		F6C009D319FC38F40045DF8D /* MINavigationController.h */ = {isa = PBXFileReference; fileEncoding = 4; lastKnownFileType = sourcecode.c.h; path = MINavigationController.h; sourceTree = "<group>"; };
		F6C009D419FC38F40045DF8D /* MINavigationController.m */ = {isa = PBXFileReference; fileEncoding = 4; lastKnownFileType = sourcecode.c.objc; path = MINavigationController.m; sourceTree = "<group>"; };
		F6C009D519FC38F40045DF8D /* UIViewController+MINavigationController.h */ = {isa = PBXFileReference; fileEncoding = 4; lastKnownFileType = sourcecode.c.h; path = "UIViewController+MINavigationController.h"; sourceTree = "<group>"; };
		F6C009D619FC38F40045DF8D /* UIViewController+MINavigationController.m */ = {isa = PBXFileReference; fileEncoding = 4; lastKnownFileType = sourcecode.c.objc; path = "UIViewController+MINavigationController.m"; sourceTree = "<group>"; };
/* End PBXFileReference section */

/* Begin PBXFrameworksBuildPhase section */
		F6C0099519FC37A80045DF8D /* Frameworks */ = {
			isa = PBXFrameworksBuildPhase;
			buildActionMask = 2147483647;
			files = (
			);
			runOnlyForDeploymentPostprocessing = 0;
		};
/* End PBXFrameworksBuildPhase section */

/* Begin PBXGroup section */
		F6C0098F19FC37A80045DF8D = {
			isa = PBXGroup;
			children = (
				F6C0099A19FC37A80045DF8D /* LoginFlow */,
				F6C0099919FC37A80045DF8D /* Products */,
			);
			sourceTree = "<group>";
		};
		F6C0099919FC37A80045DF8D /* Products */ = {
			isa = PBXGroup;
			children = (
				F6C0099819FC37A80045DF8D /* LoginFlow.app */,
			);
			name = Products;
			sourceTree = "<group>";
		};
		F6C0099A19FC37A80045DF8D /* LoginFlow */ = {
			isa = PBXGroup;
			children = (
				F6C0099F19FC37A80045DF8D /* AppDelegate.h */,
				F6C009A019FC37A80045DF8D /* AppDelegate.m */,
				F6C009C119FC38400045DF8D /* LoginViewController.h */,
				F6C009C219FC38400045DF8D /* LoginViewController.m */,
				F6C009C319FC38400045DF8D /* LoginViewController.xib */,
				F6C009C419FC38400045DF8D /* MainViewController.h */,
				F6C009C519FC38400045DF8D /* MainViewController.m */,
				F6C009C619FC38400045DF8D /* MainViewController.xib */,
				F6C009D219FC38F40045DF8D /* MINavigationController */,
				F6C009A819FC37A80045DF8D /* Images.xcassets */,
				F6C0099B19FC37A80045DF8D /* Supporting Files */,
			);
			path = LoginFlow;
			sourceTree = "<group>";
		};
		F6C0099B19FC37A80045DF8D /* Supporting Files */ = {
			isa = PBXGroup;
			children = (
				F6C0099C19FC37A80045DF8D /* Info.plist */,
				F6C0099D19FC37A80045DF8D /* main.m */,
			);
			name = "Supporting Files";
			sourceTree = "<group>";
		};
		F6C009D219FC38F40045DF8D /* MINavigationController */ = {
			isa = PBXGroup;
			children = (
				F6C009D319FC38F40045DF8D /* MINavigationController.h */,
				F6C009D419FC38F40045DF8D /* MINavigationController.m */,
				F6C009D519FC38F40045DF8D /* UIViewController+MINavigationController.h */,
				F6C009D619FC38F40045DF8D /* UIViewController+MINavigationController.m */,
			);
			name = MINavigationController;
			path = ../../../MINavigationController;
			sourceTree = "<group>";
		};
/* End PBXGroup section */

/* Begin PBXNativeTarget section */
		F6C0099719FC37A80045DF8D /* LoginFlow */ = {
			isa = PBXNativeTarget;
			buildConfigurationList = F6C009BB19FC37A80045DF8D /* Build configuration list for PBXNativeTarget "LoginFlow" */;
			buildPhases = (
				F6C0099419FC37A80045DF8D /* Sources */,
				F6C0099519FC37A80045DF8D /* Frameworks */,
				F6C0099619FC37A80045DF8D /* Resources */,
			);
			buildRules = (
			);
			dependencies = (
			);
			name = LoginFlow;
			productName = LoginFlow;
			productReference = F6C0099819FC37A80045DF8D /* LoginFlow.app */;
			productType = "com.apple.product-type.application";
		};
/* End PBXNativeTarget section */

/* Begin PBXProject section */
		F6C0099019FC37A80045DF8D /* Project object */ = {
			isa = PBXProject;
			attributes = {
				LastUpgradeCheck = 0610;
				ORGANIZATIONNAME = Ivedix;
				TargetAttributes = {
					F6C0099719FC37A80045DF8D = {
						CreatedOnToolsVersion = 6.1;
					};
				};
			};
			buildConfigurationList = F6C0099319FC37A80045DF8D /* Build configuration list for PBXProject "LoginFlow" */;
			compatibilityVersion = "Xcode 3.2";
			developmentRegion = English;
			hasScannedForEncodings = 0;
			knownRegions = (
				en,
				Base,
			);
			mainGroup = F6C0098F19FC37A80045DF8D;
			productRefGroup = F6C0099919FC37A80045DF8D /* Products */;
			projectDirPath = "";
			projectRoot = "";
			targets = (
				F6C0099719FC37A80045DF8D /* LoginFlow */,
			);
		};
/* End PBXProject section */

/* Begin PBXResourcesBuildPhase section */
		F6C0099619FC37A80045DF8D /* Resources */ = {
			isa = PBXResourcesBuildPhase;
			buildActionMask = 2147483647;
			files = (
				F6C009C819FC38400045DF8D /* LoginViewController.xib in Resources */,
				F6C009CA19FC38400045DF8D /* MainViewController.xib in Resources */,
				F6C009A919FC37A80045DF8D /* Images.xcassets in Resources */,
			);
			runOnlyForDeploymentPostprocessing = 0;
		};
/* End PBXResourcesBuildPhase section */

/* Begin PBXSourcesBuildPhase section */
		F6C0099419FC37A80045DF8D /* Sources */ = {
			isa = PBXSourcesBuildPhase;
			buildActionMask = 2147483647;
			files = (
				F6C009A119FC37A80045DF8D /* AppDelegate.m in Sources */,
				F6C0099E19FC37A80045DF8D /* main.m in Sources */,
				F6C009D819FC38F40045DF8D /* UIViewController+MINavigationController.m in Sources */,
				F6C009C719FC38400045DF8D /* LoginViewController.m in Sources */,
				F6C009C919FC38400045DF8D /* MainViewController.m in Sources */,
				F6C009D719FC38F40045DF8D /* MINavigationController.m in Sources */,
			);
			runOnlyForDeploymentPostprocessing = 0;
		};
/* End PBXSourcesBuildPhase section */

/* Begin XCBuildConfiguration section */
		F6C009B919FC37A80045DF8D /* Debug */ = {
			isa = XCBuildConfiguration;
			buildSettings = {
				ALWAYS_SEARCH_USER_PATHS = NO;
				CLANG_CXX_LANGUAGE_STANDARD = "gnu++0x";
				CLANG_CXX_LIBRARY = "libc++";
				CLANG_ENABLE_MODULES = YES;
				CLANG_ENABLE_OBJC_ARC = YES;
				CLANG_WARN_BOOL_CONVERSION = YES;
				CLANG_WARN_CONSTANT_CONVERSION = YES;
				CLANG_WARN_DIRECT_OBJC_ISA_USAGE = YES_ERROR;
				CLANG_WARN_EMPTY_BODY = YES;
				CLANG_WARN_ENUM_CONVERSION = YES;
				CLANG_WARN_INT_CONVERSION = YES;
				CLANG_WARN_OBJC_ROOT_CLASS = YES_ERROR;
				CLANG_WARN_UNREACHABLE_CODE = YES;
				CLANG_WARN__DUPLICATE_METHOD_MATCH = YES;
				"CODE_SIGN_IDENTITY[sdk=iphoneos*]" = "iPhone Developer";
				COPY_PHASE_STRIP = NO;
				ENABLE_STRICT_OBJC_MSGSEND = YES;
				GCC_C_LANGUAGE_STANDARD = gnu99;
				GCC_DYNAMIC_NO_PIC = NO;
				GCC_OPTIMIZATION_LEVEL = 0;
				GCC_PREPROCESSOR_DEFINITIONS = (
					"DEBUG=1",
					"$(inherited)",
				);
				GCC_SYMBOLS_PRIVATE_EXTERN = NO;
				GCC_WARN_64_TO_32_BIT_CONVERSION = YES;
				GCC_WARN_ABOUT_RETURN_TYPE = YES_ERROR;
				GCC_WARN_UNDECLARED_SELECTOR = YES;
				GCC_WARN_UNINITIALIZED_AUTOS = YES_AGGRESSIVE;
				GCC_WARN_UNUSED_FUNCTION = YES;
				GCC_WARN_UNUSED_VARIABLE = YES;
				IPHONEOS_DEPLOYMENT_TARGET = 8.1;
				MTL_ENABLE_DEBUG_INFO = YES;
				ONLY_ACTIVE_ARCH = YES;
				SDKROOT = iphoneos;
			};
			name = Debug;
		};
		F6C009BA19FC37A80045DF8D /* Release */ = {
			isa = XCBuildConfiguration;
			buildSettings = {
				ALWAYS_SEARCH_USER_PATHS = NO;
				CLANG_CXX_LANGUAGE_STANDARD = "gnu++0x";
				CLANG_CXX_LIBRARY = "libc++";
				CLANG_ENABLE_MODULES = YES;
				CLANG_ENABLE_OBJC_ARC = YES;
				CLANG_WARN_BOOL_CONVERSION = YES;
				CLANG_WARN_CONSTANT_CONVERSION = YES;
				CLANG_WARN_DIRECT_OBJC_ISA_USAGE = YES_ERROR;
				CLANG_WARN_EMPTY_BODY = YES;
				CLANG_WARN_ENUM_CONVERSION = YES;
				CLANG_WARN_INT_CONVERSION = YES;
				CLANG_WARN_OBJC_ROOT_CLASS = YES_ERROR;
				CLANG_WARN_UNREACHABLE_CODE = YES;
				CLANG_WARN__DUPLICATE_METHOD_MATCH = YES;
				"CODE_SIGN_IDENTITY[sdk=iphoneos*]" = "iPhone Developer";
				COPY_PHASE_STRIP = YES;
				ENABLE_NS_ASSERTIONS = NO;
				ENABLE_STRICT_OBJC_MSGSEND = YES;
				GCC_C_LANGUAGE_STANDARD = gnu99;
				GCC_WARN_64_TO_32_BIT_CONVERSION = YES;
				GCC_WARN_ABOUT_RETURN_TYPE = YES_ERROR;
				GCC_WARN_UNDECLARED_SELECTOR = YES;
				GCC_WARN_UNINITIALIZED_AUTOS = YES_AGGRESSIVE;
				GCC_WARN_UNUSED_FUNCTION = YES;
				GCC_WARN_UNUSED_VARIABLE = YES;
				IPHONEOS_DEPLOYMENT_TARGET = 8.1;
				MTL_ENABLE_DEBUG_INFO = NO;
				SDKROOT = iphoneos;
				VALIDATE_PRODUCT = YES;
			};
			name = Release;
		};
		F6C009BC19FC37A80045DF8D /* Debug */ = {
			isa = XCBuildConfiguration;
			buildSettings = {
				ASSETCATALOG_COMPILER_APPICON_NAME = AppIcon;
				INFOPLIST_FILE = LoginFlow/Info.plist;
				LD_RUNPATH_SEARCH_PATHS = "$(inherited) @executable_path/Frameworks";
				PRODUCT_NAME = "$(TARGET_NAME)";
			};
			name = Debug;
		};
		F6C009BD19FC37A80045DF8D /* Release */ = {
			isa = XCBuildConfiguration;
			buildSettings = {
				ASSETCATALOG_COMPILER_APPICON_NAME = AppIcon;
				INFOPLIST_FILE = LoginFlow/Info.plist;
				LD_RUNPATH_SEARCH_PATHS = "$(inherited) @executable_path/Frameworks";
				PRODUCT_NAME = "$(TARGET_NAME)";
			};
			name = Release;
		};
/* End XCBuildConfiguration section */

/* Begin XCConfigurationList section */
		F6C0099319FC37A80045DF8D /* Build configuration list for PBXProject "LoginFlow" */ = {
			isa = XCConfigurationList;
			buildConfigurations = (
				F6C009B919FC37A80045DF8D /* Debug */,
				F6C009BA19FC37A80045DF8D /* Release */,
			);
			defaultConfigurationIsVisible = 0;
			defaultConfigurationName = Release;
		};
		F6C009BB19FC37A80045DF8D /* Build configuration list for PBXNativeTarget "LoginFlow" */ = {
			isa = XCConfigurationList;
			buildConfigurations = (
				F6C009BC19FC37A80045DF8D /* Debug */,
				F6C009BD19FC37A80045DF8D /* Release */,
			);
			defaultConfigurationIsVisible = 0;
			defaultConfigurationName = Release;
		};
/* End XCConfigurationList section */
	};
	rootObject = F6C0099019FC37A80045DF8D /* Project object */;
}
