// !$*UTF8*$!
{
	archiveVersion = 1;
	classes = {
	};
	objectVersion = 46;
	objects = {

/* Begin PBXBuildFile section */
		F686217119F09F820093C877 /* MINavigationControllerTests.m in Sources */ = {isa = PBXBuildFile; fileRef = F686217019F09F820093C877 /* MINavigationControllerTests.m */; };
		F6C0096B19F74EF40045DF8D /* main.m in Sources */ = {isa = PBXBuildFile; fileRef = F6C0096919F74EF40045DF8D /* main.m */; };
		F6C0096D19F74EF90045DF8D /* Images.xcassets in Resources */ = {isa = PBXBuildFile; fileRef = F6C0096C19F74EF90045DF8D /* Images.xcassets */; };
		F6C0097119F74F100045DF8D /* AppDelegate.m in Sources */ = {isa = PBXBuildFile; fileRef = F6C0097019F74F100045DF8D /* AppDelegate.m */; };
		F6C0097919F74F1B0045DF8D /* LoginViewController.m in Sources */ = {isa = PBXBuildFile; fileRef = F6C0097419F74F1B0045DF8D /* LoginViewController.m */; };
		F6C0097A19F74F1B0045DF8D /* LoginViewController.xib in Resources */ = {isa = PBXBuildFile; fileRef = F6C0097519F74F1B0045DF8D /* LoginViewController.xib */; };
		F6C0097B19F74F1B0045DF8D /* MainViewController.m in Sources */ = {isa = PBXBuildFile; fileRef = F6C0097719F74F1B0045DF8D /* MainViewController.m */; };
		F6C0097C19F74F1B0045DF8D /* MainViewController.xib in Resources */ = {isa = PBXBuildFile; fileRef = F6C0097819F74F1B0045DF8D /* MainViewController.xib */; };
		F6C0098219F74F300045DF8D /* MINavigationController.m in Sources */ = {isa = PBXBuildFile; fileRef = F6C0097F19F74F300045DF8D /* MINavigationController.m */; };
		F6C0098319F74F300045DF8D /* UIViewController+MINavigationController.m in Sources */ = {isa = PBXBuildFile; fileRef = F6C0098119F74F300045DF8D /* UIViewController+MINavigationController.m */; };
		F6C0098519F74FC20045DF8D /* Info.plist in Resources */ = {isa = PBXBuildFile; fileRef = F6C0098419F74FC20045DF8D /* Info.plist */; };
/* End PBXBuildFile section */

/* Begin PBXContainerItemProxy section */
		F686216B19F09F820093C877 /* PBXContainerItemProxy */ = {
			isa = PBXContainerItemProxy;
			containerPortal = F686214919F09F820093C877 /* Project object */;
			proxyType = 1;
			remoteGlobalIDString = F686215019F09F820093C877;
			remoteInfo = MINavigationController;
		};
/* End PBXContainerItemProxy section */

/* Begin PBXFileReference section */
		F686215119F09F820093C877 /* MINavigationController.app */ = {isa = PBXFileReference; explicitFileType = wrapper.application; includeInIndex = 0; path = MINavigationController.app; sourceTree = BUILT_PRODUCTS_DIR; };
		F686216A19F09F820093C877 /* MINavigationControllerTests.xctest */ = {isa = PBXFileReference; explicitFileType = wrapper.cfbundle; includeInIndex = 0; path = MINavigationControllerTests.xctest; sourceTree = BUILT_PRODUCTS_DIR; };
		F686216F19F09F820093C877 /* Info.plist */ = {isa = PBXFileReference; lastKnownFileType = text.plist.xml; path = Info.plist; sourceTree = "<group>"; };
		F686217019F09F820093C877 /* MINavigationControllerTests.m */ = {isa = PBXFileReference; lastKnownFileType = sourcecode.c.objc; path = MINavigationControllerTests.m; sourceTree = "<group>"; };
		F6C0096919F74EF40045DF8D /* main.m */ = {isa = PBXFileReference; fileEncoding = 4; lastKnownFileType = sourcecode.c.objc; name = main.m; path = Examples/main.m; sourceTree = SOURCE_ROOT; };
		F6C0096C19F74EF90045DF8D /* Images.xcassets */ = {isa = PBXFileReference; lastKnownFileType = folder.assetcatalog; name = Images.xcassets; path = Examples/Images.xcassets; sourceTree = SOURCE_ROOT; };
		F6C0096F19F74F100045DF8D /* AppDelegate.h */ = {isa = PBXFileReference; fileEncoding = 4; lastKnownFileType = sourcecode.c.h; name = AppDelegate.h; path = Examples/AppDelegate.h; sourceTree = SOURCE_ROOT; };
		F6C0097019F74F100045DF8D /* AppDelegate.m */ = {isa = PBXFileReference; fileEncoding = 4; lastKnownFileType = sourcecode.c.objc; name = AppDelegate.m; path = Examples/AppDelegate.m; sourceTree = SOURCE_ROOT; };
		F6C0097319F74F1B0045DF8D /* LoginViewController.h */ = {isa = PBXFileReference; fileEncoding = 4; lastKnownFileType = sourcecode.c.h; path = LoginViewController.h; sourceTree = "<group>"; };
		F6C0097419F74F1B0045DF8D /* LoginViewController.m */ = {isa = PBXFileReference; fileEncoding = 4; lastKnownFileType = sourcecode.c.objc; path = LoginViewController.m; sourceTree = "<group>"; };
		F6C0097519F74F1B0045DF8D /* LoginViewController.xib */ = {isa = PBXFileReference; fileEncoding = 4; lastKnownFileType = file.xib; path = LoginViewController.xib; sourceTree = "<group>"; };
		F6C0097619F74F1B0045DF8D /* MainViewController.h */ = {isa = PBXFileReference; fileEncoding = 4; lastKnownFileType = sourcecode.c.h; path = MainViewController.h; sourceTree = "<group>"; };
		F6C0097719F74F1B0045DF8D /* MainViewController.m */ = {isa = PBXFileReference; fileEncoding = 4; lastKnownFileType = sourcecode.c.objc; path = MainViewController.m; sourceTree = "<group>"; };
		F6C0097819F74F1B0045DF8D /* MainViewController.xib */ = {isa = PBXFileReference; fileEncoding = 4; lastKnownFileType = file.xib; path = MainViewController.xib; sourceTree = "<group>"; };
		F6C0097E19F74F300045DF8D /* MINavigationController.h */ = {isa = PBXFileReference; fileEncoding = 4; lastKnownFileType = sourcecode.c.h; path = MINavigationController.h; sourceTree = "<group>"; };
		F6C0097F19F74F300045DF8D /* MINavigationController.m */ = {isa = PBXFileReference; fileEncoding = 4; lastKnownFileType = sourcecode.c.objc; path = MINavigationController.m; sourceTree = "<group>"; };
		F6C0098019F74F300045DF8D /* UIViewController+MINavigationController.h */ = {isa = PBXFileReference; fileEncoding = 4; lastKnownFileType = sourcecode.c.h; path = "UIViewController+MINavigationController.h"; sourceTree = "<group>"; };
		F6C0098119F74F300045DF8D /* UIViewController+MINavigationController.m */ = {isa = PBXFileReference; fileEncoding = 4; lastKnownFileType = sourcecode.c.objc; path = "UIViewController+MINavigationController.m"; sourceTree = "<group>"; };
		F6C0098419F74FC20045DF8D /* Info.plist */ = {isa = PBXFileReference; fileEncoding = 4; lastKnownFileType = text.plist.xml; path = Info.plist; sourceTree = SOURCE_ROOT; };
/* End PBXFileReference section */

/* Begin PBXFrameworksBuildPhase section */
		F686214E19F09F820093C877 /* Frameworks */ = {
			isa = PBXFrameworksBuildPhase;
			buildActionMask = 2147483647;
			files = (
			);
			runOnlyForDeploymentPostprocessing = 0;
		};
		F686216719F09F820093C877 /* Frameworks */ = {
			isa = PBXFrameworksBuildPhase;
			buildActionMask = 2147483647;
			files = (
			);
			runOnlyForDeploymentPostprocessing = 0;
		};
/* End PBXFrameworksBuildPhase section */

/* Begin PBXGroup section */
		F686214819F09F820093C877 = {
			isa = PBXGroup;
			children = (
				F686215319F09F820093C877 /* MINavigationController */,
				F686216D19F09F820093C877 /* MINavigationControllerTests */,
				F686215219F09F820093C877 /* Products */,
			);
			sourceTree = "<group>";
		};
		F686215219F09F820093C877 /* Products */ = {
			isa = PBXGroup;
			children = (
				F686215119F09F820093C877 /* MINavigationController.app */,
				F686216A19F09F820093C877 /* MINavigationControllerTests.xctest */,
			);
			name = Products;
			sourceTree = "<group>";
		};
		F686215319F09F820093C877 /* MINavigationController */ = {
			isa = PBXGroup;
			children = (
				F6C0096F19F74F100045DF8D /* AppDelegate.h */,
				F6C0097019F74F100045DF8D /* AppDelegate.m */,
				F6C0097D19F74F300045DF8D /* MINavigationController */,
				F6C0097219F74F1B0045DF8D /* LoginNavigation */,
				F6C0096C19F74EF90045DF8D /* Images.xcassets */,
				F686215419F09F820093C877 /* Supporting Files */,
			);
			path = MINavigationController;
			sourceTree = "<group>";
		};
		F686215419F09F820093C877 /* Supporting Files */ = {
			isa = PBXGroup;
			children = (
				F6C0096919F74EF40045DF8D /* main.m */,
				F6C0098419F74FC20045DF8D /* Info.plist */,
			);
			name = "Supporting Files";
			sourceTree = "<group>";
		};
		F686216D19F09F820093C877 /* MINavigationControllerTests */ = {
			isa = PBXGroup;
			children = (
				F686217019F09F820093C877 /* MINavigationControllerTests.m */,
				F686216E19F09F820093C877 /* Supporting Files */,
			);
			path = MINavigationControllerTests;
			sourceTree = "<group>";
		};
		F686216E19F09F820093C877 /* Supporting Files */ = {
			isa = PBXGroup;
			children = (
				F686216F19F09F820093C877 /* Info.plist */,
			);
			name = "Supporting Files";
			sourceTree = "<group>";
		};
		F6C0097219F74F1B0045DF8D /* LoginNavigation */ = {
			isa = PBXGroup;
			children = (
				F6C0097319F74F1B0045DF8D /* LoginViewController.h */,
				F6C0097419F74F1B0045DF8D /* LoginViewController.m */,
				F6C0097519F74F1B0045DF8D /* LoginViewController.xib */,
				F6C0097619F74F1B0045DF8D /* MainViewController.h */,
				F6C0097719F74F1B0045DF8D /* MainViewController.m */,
				F6C0097819F74F1B0045DF8D /* MainViewController.xib */,
			);
			name = LoginNavigation;
			path = Examples/LoginNavigation;
			sourceTree = SOURCE_ROOT;
		};
		F6C0097D19F74F300045DF8D /* MINavigationController */ = {
			isa = PBXGroup;
			children = (
				F6C0097E19F74F300045DF8D /* MINavigationController.h */,
				F6C0097F19F74F300045DF8D /* MINavigationController.m */,
				F6C0098019F74F300045DF8D /* UIViewController+MINavigationController.h */,
				F6C0098119F74F300045DF8D /* UIViewController+MINavigationController.m */,
			);
			name = MINavigationController;
			sourceTree = "<group>";
		};
/* End PBXGroup section */

/* Begin PBXNativeTarget section */
		F686215019F09F820093C877 /* MINavigationController */ = {
			isa = PBXNativeTarget;
			buildConfigurationList = F686217419F09F820093C877 /* Build configuration list for PBXNativeTarget "MINavigationController" */;
			buildPhases = (
				F686214D19F09F820093C877 /* Sources */,
				F686214E19F09F820093C877 /* Frameworks */,
				F686214F19F09F820093C877 /* Resources */,
			);
			buildRules = (
			);
			dependencies = (
			);
			name = MINavigationController;
			productName = MINavigationController;
			productReference = F686215119F09F820093C877 /* MINavigationController.app */;
			productType = "com.apple.product-type.application";
		};
		F686216919F09F820093C877 /* MINavigationControllerTests */ = {
			isa = PBXNativeTarget;
			buildConfigurationList = F686217719F09F820093C877 /* Build configuration list for PBXNativeTarget "MINavigationControllerTests" */;
			buildPhases = (
				F686216619F09F820093C877 /* Sources */,
				F686216719F09F820093C877 /* Frameworks */,
				F686216819F09F820093C877 /* Resources */,
			);
			buildRules = (
			);
			dependencies = (
				F686216C19F09F820093C877 /* PBXTargetDependency */,
			);
			name = MINavigationControllerTests;
			productName = MINavigationControllerTests;
			productReference = F686216A19F09F820093C877 /* MINavigationControllerTests.xctest */;
			productType = "com.apple.product-type.bundle.unit-test";
		};
/* End PBXNativeTarget section */

/* Begin PBXProject section */
		F686214919F09F820093C877 /* Project object */ = {
			isa = PBXProject;
			attributes = {
				LastUpgradeCheck = 0600;
				ORGANIZATIONNAME = MindBlownInnocation;
				TargetAttributes = {
					F686215019F09F820093C877 = {
						CreatedOnToolsVersion = 6.0.1;
					};
					F686216919F09F820093C877 = {
						CreatedOnToolsVersion = 6.0.1;
						TestTargetID = F686215019F09F820093C877;
					};
				};
			};
			buildConfigurationList = F686214C19F09F820093C877 /* Build configuration list for PBXProject "MINavigationController" */;
			compatibilityVersion = "Xcode 3.2";
			developmentRegion = English;
			hasScannedForEncodings = 0;
			knownRegions = (
				en,
				Base,
			);
			mainGroup = F686214819F09F820093C877;
			productRefGroup = F686215219F09F820093C877 /* Products */;
			projectDirPath = "";
			projectRoot = "";
			targets = (
				F686215019F09F820093C877 /* MINavigationController */,
				F686216919F09F820093C877 /* MINavigationControllerTests */,
			);
		};
/* End PBXProject section */

/* Begin PBXResourcesBuildPhase section */
		F686214F19F09F820093C877 /* Resources */ = {
			isa = PBXResourcesBuildPhase;
			buildActionMask = 2147483647;
			files = (
				F6C0098519F74FC20045DF8D /* Info.plist in Resources */,
				F6C0096D19F74EF90045DF8D /* Images.xcassets in Resources */,
				F6C0097A19F74F1B0045DF8D /* LoginViewController.xib in Resources */,
				F6C0097C19F74F1B0045DF8D /* MainViewController.xib in Resources */,
			);
			runOnlyForDeploymentPostprocessing = 0;
		};
		F686216819F09F820093C877 /* Resources */ = {
			isa = PBXResourcesBuildPhase;
			buildActionMask = 2147483647;
			files = (
			);
			runOnlyForDeploymentPostprocessing = 0;
		};
/* End PBXResourcesBuildPhase section */

/* Begin PBXSourcesBuildPhase section */
		F686214D19F09F820093C877 /* Sources */ = {
			isa = PBXSourcesBuildPhase;
			buildActionMask = 2147483647;
			files = (
				F6C0097119F74F100045DF8D /* AppDelegate.m in Sources */,
				F6C0097B19F74F1B0045DF8D /* MainViewController.m in Sources */,
				F6C0098319F74F300045DF8D /* UIViewController+MINavigationController.m in Sources */,
				F6C0096B19F74EF40045DF8D /* main.m in Sources */,
				F6C0097919F74F1B0045DF8D /* LoginViewController.m in Sources */,
				F6C0098219F74F300045DF8D /* MINavigationController.m in Sources */,
			);
			runOnlyForDeploymentPostprocessing = 0;
		};
		F686216619F09F820093C877 /* Sources */ = {
			isa = PBXSourcesBuildPhase;
			buildActionMask = 2147483647;
			files = (
				F686217119F09F820093C877 /* MINavigationControllerTests.m in Sources */,
			);
			runOnlyForDeploymentPostprocessing = 0;
		};
/* End PBXSourcesBuildPhase section */

/* Begin PBXTargetDependency section */
		F686216C19F09F820093C877 /* PBXTargetDependency */ = {
			isa = PBXTargetDependency;
			target = F686215019F09F820093C877 /* MINavigationController */;
			targetProxy = F686216B19F09F820093C877 /* PBXContainerItemProxy */;
		};
/* End PBXTargetDependency section */

/* Begin XCBuildConfiguration section */
		F686217219F09F820093C877 /* Debug */ = {
			isa = XCBuildConfiguration;
			buildSettings = {
				ALWAYS_SEARCH_USER_PATHS = NO;
				CLANG_CXX_LANGUAGE_STANDARD = "gnu++0x";
				CLANG_CXX_LIBRARY = "libc++";
				CLANG_ENABLE_MODULES = YES;
				CLANG_ENABLE_OBJC_ARC = YES;
				CLANG_WARN_BOOL_CONVERSION = YES;
				CLANG_WARN_CONSTANT_CONVERSION = YES;
				CLANG_WARN_DIRECT_OBJC_ISA_USAGE = YES_ERROR;
				CLANG_WARN_EMPTY_BODY = YES;
				CLANG_WARN_ENUM_CONVERSION = YES;
				CLANG_WARN_INT_CONVERSION = YES;
				CLANG_WARN_OBJC_ROOT_CLASS = YES_ERROR;
				CLANG_WARN_UNREACHABLE_CODE = YES;
				CLANG_WARN__DUPLICATE_METHOD_MATCH = YES;
				"CODE_SIGN_IDENTITY[sdk=iphoneos*]" = "iPhone Developer";
				COPY_PHASE_STRIP = NO;
				ENABLE_STRICT_OBJC_MSGSEND = YES;
				GCC_C_LANGUAGE_STANDARD = gnu99;
				GCC_DYNAMIC_NO_PIC = NO;
				GCC_OPTIMIZATION_LEVEL = 0;
				GCC_PREPROCESSOR_DEFINITIONS = (
					"DEBUG=1",
					"$(inherited)",
				);
				GCC_SYMBOLS_PRIVATE_EXTERN = NO;
				GCC_WARN_64_TO_32_BIT_CONVERSION = YES;
				GCC_WARN_ABOUT_RETURN_TYPE = YES_ERROR;
				GCC_WARN_UNDECLARED_SELECTOR = YES;
				GCC_WARN_UNINITIALIZED_AUTOS = YES_AGGRESSIVE;
				GCC_WARN_UNUSED_FUNCTION = YES;
				GCC_WARN_UNUSED_VARIABLE = YES;
				IPHONEOS_DEPLOYMENT_TARGET = 8.0;
				MTL_ENABLE_DEBUG_INFO = YES;
				ONLY_ACTIVE_ARCH = YES;
				SDKROOT = iphoneos;
			};
			name = Debug;
		};
		F686217319F09F820093C877 /* Release */ = {
			isa = XCBuildConfiguration;
			buildSettings = {
				ALWAYS_SEARCH_USER_PATHS = NO;
				CLANG_CXX_LANGUAGE_STANDARD = "gnu++0x";
				CLANG_CXX_LIBRARY = "libc++";
				CLANG_ENABLE_MODULES = YES;
				CLANG_ENABLE_OBJC_ARC = YES;
				CLANG_WARN_BOOL_CONVERSION = YES;
				CLANG_WARN_CONSTANT_CONVERSION = YES;
				CLANG_WARN_DIRECT_OBJC_ISA_USAGE = YES_ERROR;
				CLANG_WARN_EMPTY_BODY = YES;
				CLANG_WARN_ENUM_CONVERSION = YES;
				CLANG_WARN_INT_CONVERSION = YES;
				CLANG_WARN_OBJC_ROOT_CLASS = YES_ERROR;
				CLANG_WARN_UNREACHABLE_CODE = YES;
				CLANG_WARN__DUPLICATE_METHOD_MATCH = YES;
				"CODE_SIGN_IDENTITY[sdk=iphoneos*]" = "iPhone Developer";
				COPY_PHASE_STRIP = YES;
				ENABLE_NS_ASSERTIONS = NO;
				ENABLE_STRICT_OBJC_MSGSEND = YES;
				GCC_C_LANGUAGE_STANDARD = gnu99;
				GCC_WARN_64_TO_32_BIT_CONVERSION = YES;
				GCC_WARN_ABOUT_RETURN_TYPE = YES_ERROR;
				GCC_WARN_UNDECLARED_SELECTOR = YES;
				GCC_WARN_UNINITIALIZED_AUTOS = YES_AGGRESSIVE;
				GCC_WARN_UNUSED_FUNCTION = YES;
				GCC_WARN_UNUSED_VARIABLE = YES;
				IPHONEOS_DEPLOYMENT_TARGET = 8.0;
				MTL_ENABLE_DEBUG_INFO = NO;
				SDKROOT = iphoneos;
				VALIDATE_PRODUCT = YES;
			};
			name = Release;
		};
		F686217519F09F820093C877 /* Debug */ = {
			isa = XCBuildConfiguration;
			buildSettings = {
				ASSETCATALOG_COMPILER_APPICON_NAME = AppIcon;
				INFOPLIST_FILE = Info.plist;
				LD_RUNPATH_SEARCH_PATHS = "$(inherited) @executable_path/Frameworks";
				PRODUCT_NAME = "$(TARGET_NAME)";
			};
			name = Debug;
		};
		F686217619F09F820093C877 /* Release */ = {
			isa = XCBuildConfiguration;
			buildSettings = {
				ASSETCATALOG_COMPILER_APPICON_NAME = AppIcon;
				INFOPLIST_FILE = Info.plist;
				LD_RUNPATH_SEARCH_PATHS = "$(inherited) @executable_path/Frameworks";
				PRODUCT_NAME = "$(TARGET_NAME)";
			};
			name = Release;
		};
		F686217819F09F820093C877 /* Debug */ = {
			isa = XCBuildConfiguration;
			buildSettings = {
				BUNDLE_LOADER = "$(TEST_HOST)";
				FRAMEWORK_SEARCH_PATHS = (
					"$(SDKROOT)/Developer/Library/Frameworks",
					"$(inherited)",
				);
				GCC_PREPROCESSOR_DEFINITIONS = (
					"DEBUG=1",
					"$(inherited)",
				);
				INFOPLIST_FILE = MINavigationControllerTests/Info.plist;
				LD_RUNPATH_SEARCH_PATHS = "$(inherited) @executable_path/Frameworks @loader_path/Frameworks";
				PRODUCT_NAME = "$(TARGET_NAME)";
				TEST_HOST = "$(BUILT_PRODUCTS_DIR)/MINavigationController.app/MINavigationController";
			};
			name = Debug;
		};
		F686217919F09F820093C877 /* Release */ = {
			isa = XCBuildConfiguration;
			buildSettings = {
				BUNDLE_LOADER = "$(TEST_HOST)";
				FRAMEWORK_SEARCH_PATHS = (
					"$(SDKROOT)/Developer/Library/Frameworks",
					"$(inherited)",
				);
				INFOPLIST_FILE = MINavigationControllerTests/Info.plist;
				LD_RUNPATH_SEARCH_PATHS = "$(inherited) @executable_path/Frameworks @loader_path/Frameworks";
				PRODUCT_NAME = "$(TARGET_NAME)";
				TEST_HOST = "$(BUILT_PRODUCTS_DIR)/MINavigationController.app/MINavigationController";
			};
			name = Release;
		};
/* End XCBuildConfiguration section */

/* Begin XCConfigurationList section */
		F686214C19F09F820093C877 /* Build configuration list for PBXProject "MINavigationController" */ = {
			isa = XCConfigurationList;
			buildConfigurations = (
				F686217219F09F820093C877 /* Debug */,
				F686217319F09F820093C877 /* Release */,
			);
			defaultConfigurationIsVisible = 0;
			defaultConfigurationName = Release;
		};
		F686217419F09F820093C877 /* Build configuration list for PBXNativeTarget "MINavigationController" */ = {
			isa = XCConfigurationList;
			buildConfigurations = (
				F686217519F09F820093C877 /* Debug */,
				F686217619F09F820093C877 /* Release */,
			);
			defaultConfigurationIsVisible = 0;
			defaultConfigurationName = Release;
		};
		F686217719F09F820093C877 /* Build configuration list for PBXNativeTarget "MINavigationControllerTests" */ = {
			isa = XCConfigurationList;
			buildConfigurations = (
				F686217819F09F820093C877 /* Debug */,
				F686217919F09F820093C877 /* Release */,
			);
			defaultConfigurationIsVisible = 0;
			defaultConfigurationName = Release;
		};
/* End XCConfigurationList section */
	};
	rootObject = F686214919F09F820093C877 /* Project object */;
}
